Microsoft Visual Studio Solution File, Format Version 12.00
# Visual Studio Version 17
VisualStudioVersion = 17.6.33815.320
MinimumVisualStudioVersion = 10.0.40219.1
Project("{9A19103F-16F7-4668-BE54-9A1E7A4F7556}") = "B5Blazor", "B5Blazor\B5Blazor.csproj", "{1A4C3149-8431-4153-8F1B-E93E06945CC6}"
EndProject
Project("{2150E333-8FDC-42A3-9474-1A3956D46DE8}") = "Source", "Source", "{46749E4C-4035-42EF-924A-9B7FDC60C4DC}"
EndProject
Project("{2150E333-8FDC-42A3-9474-1A3956D46DE8}") = "Test", "Test", "{C5915EED-64DF-4F71-8CFB-08D98D680AB5}"
EndProject
Project("{2150E333-8FDC-42A3-9474-1A3956D46DE8}") = "Docs", "Docs", "{A21868FB-D46D-4848-85E6-617F0D6E9008}"
EndProject
Project("{2150E333-8FDC-42A3-9474-1A3956D46DE8}") = "Extensions", "Extensions", "{4DDED467-76B8-4F4A-BC05-E3EE1DDD95BD}"
EndProject
Project("{2150E333-8FDC-42A3-9474-1A3956D46DE8}") = "Example", "Example", "{FC716756-7D29-4F64-92C4-D24ECBCC6D4F}"
EndProject
Project("{2150E333-8FDC-42A3-9474-1A3956D46DE8}") = "DocSite", "DocSite", "{6577F43A-A2A4-415F-B681-20D3D0C7A554}"
EndProject
Project("{9A19103F-16F7-4668-BE54-9A1E7A4F7556}") = "B5Blazor.Server", "B5Blazor.Server\B5Blazor.Server.csproj", "{7B58E4F3-736A-4413-BD29-044C5E2E8018}"
EndProject
Project("{9A19103F-16F7-4668-BE54-9A1E7A4F7556}") = "B5Blazor.Admin.UI", "B5Blazor.Admin.UI\B5Blazor.Admin.UI.csproj", "{9571AA15-F50E-48FD-817C-27960C1A8762}"
EndProject
Project("{9A19103F-16F7-4668-BE54-9A1E7A4F7556}") = "B5Blazor.Admin.WebApi", "B5Blazor.Admin.WebApi\B5Blazor.Admin.WebApi.csproj", "{A28B46F2-8D47-44DD-B675-69C9206E53A7}"
EndProject
Project("{9A19103F-16F7-4668-BE54-9A1E7A4F7556}") = "B5Blazor.Admin.Server", "B5Blazor.Admin.Server\B5Blazor.Admin.Server.csproj", "{07BC0973-FE2B-431B-8861-94A272B5BD3B}"
EndProject
Project("{9A19103F-16F7-4668-BE54-9A1E7A4F7556}") = "B5Blazor.Admin.WASM", "B5Blazor.Admin.WASM\B5Blazor.Admin.WASM.csproj", "{42F72263-94BB-4288-96E0-DC51D7CC0FDC}"
EndProject
Project("{9A19103F-16F7-4668-BE54-9A1E7A4F7556}") = "B5Blazor.FireDoor.Server", "B5Blazor.FireDoor.Server\B5Blazor.FireDoor.Server.csproj", "{5F002BD2-79AB-474B-A287-FA46FFEDC45D}"
EndProject
Project("{9A19103F-16F7-4668-BE54-9A1E7A4F7556}") = "B5Blazor.Docs.UI", "B5Blazor.Docs.UI\B5Blazor.Docs.UI.csproj", "{A27260EC-CB03-45A4-AF12-B3BB00671FC0}"
EndProject
Project("{9A19103F-16F7-4668-BE54-9A1E7A4F7556}") = "B5Blazor.Docs.Server", "B5Blazor.Docs.Server\B5Blazor.Docs.Server.csproj", "{8C90C5F2-6215-40A2-B20F-B60D438F65F9}"
EndProject
Project("{9A19103F-16F7-4668-BE54-9A1E7A4F7556}") = "B5Blazor.Docs.WASM", "B5Blazor.Docs.WASM\B5Blazor.Docs.WASM.csproj", "{863BCC80-5237-48CC-832C-3F71C2E6590E}"
EndProject
Project("{FAE04EC0-301F-11D3-BF4B-00C04F79EFBC}") = "B5Blazor.WASM", "B5Blazor.WASM\B5Blazor.WASM.csproj", "{79E6E27C-48D9-4ED3-A8A0-F6ABFBCA84C7}"
EndProject
Global
	GlobalSection(SolutionConfigurationPlatforms) = preSolution
		Debug|Any CPU = Debug|Any CPU
		Release|Any CPU = Release|Any CPU
	EndGlobalSection
	GlobalSection(ProjectConfigurationPlatforms) = postSolution
		{1A4C3149-8431-4153-8F1B-E93E06945CC6}.Debug|Any CPU.ActiveCfg = Debug|Any CPU
		{1A4C3149-8431-4153-8F1B-E93E06945CC6}.Debug|Any CPU.Build.0 = Debug|Any CPU
		{1A4C3149-8431-4153-8F1B-E93E06945CC6}.Release|Any CPU.ActiveCfg = Release|Any CPU
		{1A4C3149-8431-4153-8F1B-E93E06945CC6}.Release|Any CPU.Build.0 = Release|Any CPU
		{7B58E4F3-736A-4413-BD29-044C5E2E8018}.Debug|Any CPU.ActiveCfg = Debug|Any CPU
		{7B58E4F3-736A-4413-BD29-044C5E2E8018}.Debug|Any CPU.Build.0 = Debug|Any CPU
		{7B58E4F3-736A-4413-BD29-044C5E2E8018}.Release|Any CPU.ActiveCfg = Release|Any CPU
		{7B58E4F3-736A-4413-BD29-044C5E2E8018}.Release|Any CPU.Build.0 = Release|Any CPU
		{9571AA15-F50E-48FD-817C-27960C1A8762}.Debug|Any CPU.ActiveCfg = Debug|Any CPU
		{9571AA15-F50E-48FD-817C-27960C1A8762}.Debug|Any CPU.Build.0 = Debug|Any CPU
		{9571AA15-F50E-48FD-817C-27960C1A8762}.Release|Any CPU.ActiveCfg = Release|Any CPU
		{9571AA15-F50E-48FD-817C-27960C1A8762}.Release|Any CPU.Build.0 = Release|Any CPU
		{A28B46F2-8D47-44DD-B675-69C9206E53A7}.Debug|Any CPU.ActiveCfg = Debug|Any CPU
		{A28B46F2-8D47-44DD-B675-69C9206E53A7}.Debug|Any CPU.Build.0 = Debug|Any CPU
		{A28B46F2-8D47-44DD-B675-69C9206E53A7}.Release|Any CPU.ActiveCfg = Release|Any CPU
		{A28B46F2-8D47-44DD-B675-69C9206E53A7}.Release|Any CPU.Build.0 = Release|Any CPU
		{07BC0973-FE2B-431B-8861-94A272B5BD3B}.Debug|Any CPU.ActiveCfg = Debug|Any CPU
		{07BC0973-FE2B-431B-8861-94A272B5BD3B}.Debug|Any CPU.Build.0 = Debug|Any CPU
		{07BC0973-FE2B-431B-8861-94A272B5BD3B}.Release|Any CPU.ActiveCfg = Release|Any CPU
		{07BC0973-FE2B-431B-8861-94A272B5BD3B}.Release|Any CPU.Build.0 = Release|Any CPU
		{42F72263-94BB-4288-96E0-DC51D7CC0FDC}.Debug|Any CPU.ActiveCfg = Debug|Any CPU
		{42F72263-94BB-4288-96E0-DC51D7CC0FDC}.Debug|Any CPU.Build.0 = Debug|Any CPU
		{42F72263-94BB-4288-96E0-DC51D7CC0FDC}.Release|Any CPU.ActiveCfg = Release|Any CPU
		{42F72263-94BB-4288-96E0-DC51D7CC0FDC}.Release|Any CPU.Build.0 = Release|Any CPU
		{5F002BD2-79AB-474B-A287-FA46FFEDC45D}.Debug|Any CPU.ActiveCfg = Debug|Any CPU
		{5F002BD2-79AB-474B-A287-FA46FFEDC45D}.Debug|Any CPU.Build.0 = Debug|Any CPU
		{5F002BD2-79AB-474B-A287-FA46FFEDC45D}.Release|Any CPU.ActiveCfg = Release|Any CPU
		{5F002BD2-79AB-474B-A287-FA46FFEDC45D}.Release|Any CPU.Build.0 = Release|Any CPU
		{A27260EC-CB03-45A4-AF12-B3BB00671FC0}.Debug|Any CPU.ActiveCfg = Debug|Any CPU
		{A27260EC-CB03-45A4-AF12-B3BB00671FC0}.Debug|Any CPU.Build.0 = Debug|Any CPU
		{A27260EC-CB03-45A4-AF12-B3BB00671FC0}.Release|Any CPU.ActiveCfg = Release|Any CPU
		{A27260EC-CB03-45A4-AF12-B3BB00671FC0}.Release|Any CPU.Build.0 = Release|Any CPU
		{8C90C5F2-6215-40A2-B20F-B60D438F65F9}.Debug|Any CPU.ActiveCfg = Debug|Any CPU
		{8C90C5F2-6215-40A2-B20F-B60D438F65F9}.Debug|Any CPU.Build.0 = Debug|Any CPU
		{8C90C5F2-6215-40A2-B20F-B60D438F65F9}.Release|Any CPU.ActiveCfg = Release|Any CPU
		{8C90C5F2-6215-40A2-B20F-B60D438F65F9}.Release|Any CPU.Build.0 = Release|Any CPU
		{863BCC80-5237-48CC-832C-3F71C2E6590E}.Debug|Any CPU.ActiveCfg = Debug|Any CPU
		{863BCC80-5237-48CC-832C-3F71C2E6590E}.Debug|Any CPU.Build.0 = Debug|Any CPU
		{863BCC80-5237-48CC-832C-3F71C2E6590E}.Release|Any CPU.ActiveCfg = Release|Any CPU
		{863BCC80-5237-48CC-832C-3F71C2E6590E}.Release|Any CPU.Build.0 = Release|Any CPU
		{79E6E27C-48D9-4ED3-A8A0-F6ABFBCA84C7}.Debug|Any CPU.ActiveCfg = Debug|Any CPU
		{79E6E27C-48D9-4ED3-A8A0-F6ABFBCA84C7}.Debug|Any CPU.Build.0 = Debug|Any CPU
		{79E6E27C-48D9-4ED3-A8A0-F6ABFBCA84C7}.Release|Any CPU.ActiveCfg = Release|Any CPU
		{79E6E27C-48D9-4ED3-A8A0-F6ABFBCA84C7}.Release|Any CPU.Build.0 = Release|Any CPU
	EndGlobalSection
	GlobalSection(SolutionProperties) = preSolution
		HideSolutionNode = FALSE
	EndGlobalSection
	GlobalSection(NestedProjects) = preSolution
		{1A4C3149-8431-4153-8F1B-E93E06945CC6} = {46749E4C-4035-42EF-924A-9B7FDC60C4DC}
		{7B58E4F3-736A-4413-BD29-044C5E2E8018} = {46749E4C-4035-42EF-924A-9B7FDC60C4DC}
		{9571AA15-F50E-48FD-817C-27960C1A8762} = {FC716756-7D29-4F64-92C4-D24ECBCC6D4F}
		{A28B46F2-8D47-44DD-B675-69C9206E53A7} = {FC716756-7D29-4F64-92C4-D24ECBCC6D4F}
		{07BC0973-FE2B-431B-8861-94A272B5BD3B} = {FC716756-7D29-4F64-92C4-D24ECBCC6D4F}
		{42F72263-94BB-4288-96E0-DC51D7CC0FDC} = {FC716756-7D29-4F64-92C4-D24ECBCC6D4F}
		{5F002BD2-79AB-474B-A287-FA46FFEDC45D} = {FC716756-7D29-4F64-92C4-D24ECBCC6D4F}
		{A27260EC-CB03-45A4-AF12-B3BB00671FC0} = {6577F43A-A2A4-415F-B681-20D3D0C7A554}
		{8C90C5F2-6215-40A2-B20F-B60D438F65F9} = {6577F43A-A2A4-415F-B681-20D3D0C7A554}
		{863BCC80-5237-48CC-832C-3F71C2E6590E} = {6577F43A-A2A4-415F-B681-20D3D0C7A554}
		{79E6E27C-48D9-4ED3-A8A0-F6ABFBCA84C7} = {46749E4C-4035-42EF-924A-9B7FDC60C4DC}
	EndGlobalSection
	GlobalSection(ExtensibilityGlobals) = postSolution
		SolutionGuid = {6FD560FB-2120-4DA8-B29D-8B116FB9ADE6}
	EndGlobalSection
EndGlobal
